
Microsoft Visual Studio Solution File, Format Version 12.00
# Visual Studio Version 17
VisualStudioVersion = 17.3.32901.215
MinimumVisualStudioVersion = 10.0.40219.1
Project("{FAE04EC0-301F-11D3-BF4B-00C04F79EFBC}") = "dikdörtgen alanı", "dikdörtgen alanı\dikdörtgen alanı.csproj", "{ED8CF519-F1B7-4E7E-AE00-B92ED9CF6715}"
EndProject
Global
	GlobalSection(SolutionConfigurationPlatforms) = preSolution
		Debug|Any CPU = Debug|Any CPU
		Release|Any CPU = Release|Any CPU
	EndGlobalSection
	GlobalSection(ProjectConfigurationPlatforms) = postSolution
		{ED8CF519-F1B7-4E7E-AE00-B92ED9CF6715}.Debug|Any CPU.ActiveCfg = Debug|Any CPU
		{ED8CF519-F1B7-4E7E-AE00-B92ED9CF6715}.Debug|Any CPU.Build.0 = Debug|Any CPU
		{ED8CF519-F1B7-4E7E-AE00-B92ED9CF6715}.Release|Any CPU.ActiveCfg = Release|Any CPU
		{ED8CF519-F1B7-4E7E-AE00-B92ED9CF6715}.Release|Any CPU.Build.0 = Release|Any CPU
	EndGlobalSection
	GlobalSection(SolutionProperties) = preSolution
		HideSolutionNode = FALSE
	EndGlobalSection
	GlobalSection(ExtensibilityGlobals) = postSolution
		SolutionGuid = {B547E16F-6352-4B35-9A1F-ED1F734ADF31}
	EndGlobalSection
EndGlobal
